
Microsoft Visual Studio Solution File, Format Version 12.00
# Visual Studio Version 17
VisualStudioVersion = 17.4.33213.308
MinimumVisualStudioVersion = 10.0.40219.1
Project("{FAE04EC0-301F-11D3-BF4B-00C04F79EFBC}") = "MyBlog", "MyBlog\MyBlog.csproj", "{7BA6CEAB-E731-47D3-9311-94011475BE0B}"
EndProject
Global
	GlobalSection(SolutionConfigurationPlatforms) = preSolution
		Debug|Any CPU = Debug|Any CPU
		Release|Any CPU = Release|Any CPU
	EndGlobalSection
	GlobalSection(ProjectConfigurationPlatforms) = postSolution
		{7BA6CEAB-E731-47D3-9311-94011475BE0B}.Debug|Any CPU.ActiveCfg = Debug|Any CPU
		{7BA6CEAB-E731-47D3-9311-94011475BE0B}.Debug|Any CPU.Build.0 = Debug|Any CPU
		{7BA6CEAB-E731-47D3-9311-94011475BE0B}.Release|Any CPU.ActiveCfg = Release|Any CPU
		{7BA6CEAB-E731-47D3-9311-94011475BE0B}.Release|Any CPU.Build.0 = Release|Any CPU
	EndGlobalSection
	GlobalSection(SolutionProperties) = preSolution
		HideSolutionNode = FALSE
	EndGlobalSection
	GlobalSection(ExtensibilityGlobals) = postSolution
		SolutionGuid = {BC69F6B3-AD9D-4D37-B2C2-CA0D39B6B99D}
	EndGlobalSection
EndGlobal
